# This file is autogenerated, do not edit; changes may be undone by the next 'dep ensure'.


[[projects]]
  branch = "master"
  name = "github.com/golang/protobuf"
  packages = ["jsonpb","proto","ptypes/struct"]
  revision = "925541529c1fa6821df4e44ce2723319eb2be768"

[[projects]]
  name = "github.com/twitchtv/twirp"
  packages = [".","ctxsetters","internal/contextkeys"]
  revision = "dff337b186d4ea1ada1d1e54ef422fdbcfa3113d"
  version = "v5.1.0"

[solve-meta]
  analyzer-name = "dep"
  analyzer-version = 1
  inputs-digest = "e9d04521f40d7cc6633174f81c8655bf5dfb7f15a861b176963e02019fd8d679"
  solver-name = "gps-cdcl"
  solver-version = 1
